github.com/mattn/go-runewidth v0.0.15 h1:UNAjwbU9l54TA3KzvqLGxwWjHmMgBUVhBiTjelZgg3U=
github.com/mattn/go-runewidth v0.0.15/go.mod h1:Jdepj2loyihRzMpdS35Xk/zdY8IAYHsh153qUoGf23w=
github.com/rivo/uniseg v0.2.0/go.mod h1:J6wj4VEh+S6ZtnVlnTBMWIodfgj8LQOQFoIToxlJtxc=
github.com/rivo/uniseg v0.4.7 h1:WUdvkW8uEhrYfLC4ZzdpI2ztxP1I582+49Oc5Mq64VQ=
github.com/rivo/uniseg v0.4.7/go.mod h1:FN3SvrM+Zdj16jyLfmOkMNblXMcoc8DfTHruCPUcx88=
golang.org/x/sys v0.14.0 h1:Vz7Qs629MkJkGyHxUlRHizWJRG2j8fbQKjELVSNhy7Q=
golang.org/x/sys v0.14.0/go.mod h1:/VUhepiaJMQUp4+oa/7Zr1D23ma6VTLIYjOOTFZPUcA=
golang.org/x/term v0.14.0 h1:LGK9IlZ8T9jvdy6cTdfKUCltatMFOehAQo9SRC46UQ8=
golang.org/x/term v0.14.0/go.mod h1:TySc+nGkYR6qt8km8wUhuFRTVSMIX3XPR58y2lC8vww=
zgo.at/termtext v1.4.0 h1:r7fzyT5jsdRw9Z0uCQh+A+TWhWk+pC5HDJd1o8EH8NI=
zgo.at/termtext v1.4.0/go.mod h1:CBx+HpG2ijB3W0Bd4CK8UtzcsXw+EmvvlhQUyQpZO+E=
zgo.at/zli v0.0.0-20240425054714-1cba1e6760ff h1:6gnPOahqjm+TXnJwDyDhWA034oc4ogQpPTptkAJsH+c=
zgo.at/zli v0.0.0-20240425054714-1cba1e6760ff/go.mod h1:ww938hl50QuVa2Y+IrLcnkAb5nbwjBf5cpWdpI2NB88=
zgo.at/zstd v0.0.0-20240425000522-78bcf900e0a4 h1:/13W9C05Uwi49SX7aKN7O8uI5zZcbt2CXq+qHDD73Wo=
zgo.at/zstd v0.0.0-20240425000522-78bcf900e0a4/go.mod h1:o/Q8+EtSahHnfkbB3t8wXE0FnoDTmJ0sBDlzezv9XeM=
